
Microsoft Visual Studio Solution File, Format Version 12.00
# Visual Studio Version 16
VisualStudioVersion = 16.0.29001.49
MinimumVisualStudioVersion = 10.0.40219.1
Project("{9A19103F-16F7-4668-BE54-9A1E7A4F7556}") = "Dvik", "DVIK\Dvik.csproj", "{91A81B74-B4C4-47F5-BA77-E209889B11D7}"
EndProject
Project("{9A19103F-16F7-4668-BE54-9A1E7A4F7556}") = "Dvik.Core", "DVIK.Core\Dvik.Core.csproj", "{384365E4-D1B8-4E98-A1B4-4FEE49297EB8}"
EndProject
Project("{9A19103F-16F7-4668-BE54-9A1E7A4F7556}") = "Dvik.Data", "DVIK.Data\Dvik.Data.csproj", "{9827C1B2-EA1B-4F0A-82C9-C68F57471B4B}"
EndProject
Global
	GlobalSection(SolutionConfigurationPlatforms) = preSolution
		Debug|Any CPU = Debug|Any CPU
		Release|Any CPU = Release|Any CPU
	EndGlobalSection
	GlobalSection(ProjectConfigurationPlatforms) = postSolution
		{91A81B74-B4C4-47F5-BA77-E209889B11D7}.Debug|Any CPU.ActiveCfg = Debug|Any CPU
		{91A81B74-B4C4-47F5-BA77-E209889B11D7}.Debug|Any CPU.Build.0 = Debug|Any CPU
		{91A81B74-B4C4-47F5-BA77-E209889B11D7}.Release|Any CPU.ActiveCfg = Release|Any CPU
		{91A81B74-B4C4-47F5-BA77-E209889B11D7}.Release|Any CPU.Build.0 = Release|Any CPU
		{384365E4-D1B8-4E98-A1B4-4FEE49297EB8}.Debug|Any CPU.ActiveCfg = Debug|Any CPU
		{384365E4-D1B8-4E98-A1B4-4FEE49297EB8}.Debug|Any CPU.Build.0 = Debug|Any CPU
		{384365E4-D1B8-4E98-A1B4-4FEE49297EB8}.Release|Any CPU.ActiveCfg = Release|Any CPU
		{384365E4-D1B8-4E98-A1B4-4FEE49297EB8}.Release|Any CPU.Build.0 = Release|Any CPU
		{9827C1B2-EA1B-4F0A-82C9-C68F57471B4B}.Debug|Any CPU.ActiveCfg = Debug|Any CPU
		{9827C1B2-EA1B-4F0A-82C9-C68F57471B4B}.Debug|Any CPU.Build.0 = Debug|Any CPU
		{9827C1B2-EA1B-4F0A-82C9-C68F57471B4B}.Release|Any CPU.ActiveCfg = Release|Any CPU
		{9827C1B2-EA1B-4F0A-82C9-C68F57471B4B}.Release|Any CPU.Build.0 = Release|Any CPU
	EndGlobalSection
	GlobalSection(SolutionProperties) = preSolution
		HideSolutionNode = FALSE
	EndGlobalSection
	GlobalSection(ExtensibilityGlobals) = postSolution
		SolutionGuid = {188CC9CC-B3BC-495B-9510-D6050BD391DF}
	EndGlobalSection
EndGlobal
